
Microsoft Visual Studio Solution File, Format Version 12.00
# Visual Studio Version 17
VisualStudioVersion = 17.14.36414.22
MinimumVisualStudioVersion = 10.0.40219.1
Project("{8BC9CEB8-8B4A-11D0-8D11-00A0C91BC942}") = "laba_5_vrpo", "laba_5_vrpo.vcxproj", "{C3D9935F-1DF9-4937-883E-C2AD4446E5EF}"
EndProject
Project("{8BC9CEB8-8B4A-11D0-8D11-00A0C91BC942}") = "laba5_z7", "..\laba5_z7\laba5_z7.vcxproj", "{DD7E9867-2398-4A80-8C97-D2D4AB690C98}"
EndProject
Project("{8BC9CEB8-8B4A-11D0-8D11-00A0C91BC942}") = "laba_vrpo_z_ostalnie", "..\laba_vrpo_z_ostalnie\laba_vrpo_z_ostalnie.vcxproj", "{D6C04B0F-1458-4138-A28D-AC590100074D}"
EndProject
Global
	GlobalSection(SolutionConfigurationPlatforms) = preSolution
		Debug|x64 = Debug|x64
		Debug|x86 = Debug|x86
		Release|x64 = Release|x64
		Release|x86 = Release|x86
	EndGlobalSection
	GlobalSection(ProjectConfigurationPlatforms) = postSolution
		{C3D9935F-1DF9-4937-883E-C2AD4446E5EF}.Debug|x64.ActiveCfg = Debug|x64
		{C3D9935F-1DF9-4937-883E-C2AD4446E5EF}.Debug|x64.Build.0 = Debug|x64
		{C3D9935F-1DF9-4937-883E-C2AD4446E5EF}.Debug|x86.ActiveCfg = Debug|Win32
		{C3D9935F-1DF9-4937-883E-C2AD4446E5EF}.Debug|x86.Build.0 = Debug|Win32
		{C3D9935F-1DF9-4937-883E-C2AD4446E5EF}.Release|x64.ActiveCfg = Release|x64
		{C3D9935F-1DF9-4937-883E-C2AD4446E5EF}.Release|x64.Build.0 = Release|x64
		{C3D9935F-1DF9-4937-883E-C2AD4446E5EF}.Release|x86.ActiveCfg = Release|Win32
		{C3D9935F-1DF9-4937-883E-C2AD4446E5EF}.Release|x86.Build.0 = Release|Win32
		{DD7E9867-2398-4A80-8C97-D2D4AB690C98}.Debug|x64.ActiveCfg = Debug|x64
		{DD7E9867-2398-4A80-8C97-D2D4AB690C98}.Debug|x64.Build.0 = Debug|x64
		{DD7E9867-2398-4A80-8C97-D2D4AB690C98}.Debug|x86.ActiveCfg = Debug|Win32
		{DD7E9867-2398-4A80-8C97-D2D4AB690C98}.Debug|x86.Build.0 = Debug|Win32
		{DD7E9867-2398-4A80-8C97-D2D4AB690C98}.Release|x64.ActiveCfg = Release|x64
		{DD7E9867-2398-4A80-8C97-D2D4AB690C98}.Release|x64.Build.0 = Release|x64
		{DD7E9867-2398-4A80-8C97-D2D4AB690C98}.Release|x86.ActiveCfg = Release|Win32
		{DD7E9867-2398-4A80-8C97-D2D4AB690C98}.Release|x86.Build.0 = Release|Win32
		{D6C04B0F-1458-4138-A28D-AC590100074D}.Debug|x64.ActiveCfg = Debug|x64
		{D6C04B0F-1458-4138-A28D-AC590100074D}.Debug|x64.Build.0 = Debug|x64
		{D6C04B0F-1458-4138-A28D-AC590100074D}.Debug|x86.ActiveCfg = Debug|Win32
		{D6C04B0F-1458-4138-A28D-AC590100074D}.Debug|x86.Build.0 = Debug|Win32
		{D6C04B0F-1458-4138-A28D-AC590100074D}.Release|x64.ActiveCfg = Release|x64
		{D6C04B0F-1458-4138-A28D-AC590100074D}.Release|x64.Build.0 = Release|x64
		{D6C04B0F-1458-4138-A28D-AC590100074D}.Release|x86.ActiveCfg = Release|Win32
		{D6C04B0F-1458-4138-A28D-AC590100074D}.Release|x86.Build.0 = Release|Win32
	EndGlobalSection
	GlobalSection(SolutionProperties) = preSolution
		HideSolutionNode = FALSE
	EndGlobalSection
	GlobalSection(ExtensibilityGlobals) = postSolution
		SolutionGuid = {C1951D8C-778F-49D3-9B33-7512BB3B5297}
	EndGlobalSection
EndGlobal
